{
  "name": "cpsim-assets",
  "version": "1.0.0",
  "lockfileVersion": 2,
  "requires": true,
  "packages": {
    "": {
      "name": "cpsim-assets",
      "version": "1.0.0",
      "license": "ISC",
      "dependencies": {
        "phoenix": "^1.6.6"
      }
    },
    "node_modules/phoenix": {
      "version": "1.6.6",
      "resolved": "https://registry.npmjs.org/phoenix/-/phoenix-1.6.6.tgz",
      "integrity": "sha512-KLNHVlrZH8UAoEzeCS1XBI9z5juWz0gZ/+No7j5p/byVINnd+del9H5vtBMzQgZa3ZcUjVVZcQR8bKdnH/FmMg=="
    }
  },
  "dependencies": {
    "phoenix": {
      "version": "1.6.6",
      "resolved": "https://registry.npmjs.org/phoenix/-/phoenix-1.6.6.tgz",
      "integrity": "sha512-KLNHVlrZH8UAoEzeCS1XBI9z5juWz0gZ/+No7j5p/byVINnd+del9H5vtBMzQgZa3ZcUjVVZcQR8bKdnH/FmMg=="
    }
  }
}
